
Microsoft Visual Studio Solution File, Format Version 12.00
# Visual Studio Version 16
VisualStudioVersion = 16.0.31205.134
MinimumVisualStudioVersion = 10.0.40219.1
Project("{9A19103F-16F7-4668-BE54-9A1E7A4F7556}") = "Currency-Convert-API", "Currency-Convert-API.csproj", "{4451370A-27C9-4968-93D7-A44C5BAD8D71}"
EndProject
Global
	GlobalSection(SolutionConfigurationPlatforms) = preSolution
		Debug|Any CPU = Debug|Any CPU
		Release|Any CPU = Release|Any CPU
	EndGlobalSection
	GlobalSection(ProjectConfigurationPlatforms) = postSolution
		{4451370A-27C9-4968-93D7-A44C5BAD8D71}.Debug|Any CPU.ActiveCfg = Debug|Any CPU
		{4451370A-27C9-4968-93D7-A44C5BAD8D71}.Debug|Any CPU.Build.0 = Debug|Any CPU
		{4451370A-27C9-4968-93D7-A44C5BAD8D71}.Release|Any CPU.ActiveCfg = Release|Any CPU
		{4451370A-27C9-4968-93D7-A44C5BAD8D71}.Release|Any CPU.Build.0 = Release|Any CPU
	EndGlobalSection
	GlobalSection(SolutionProperties) = preSolution
		HideSolutionNode = FALSE
	EndGlobalSection
	GlobalSection(ExtensibilityGlobals) = postSolution
		SolutionGuid = {A26C62D5-E7E9-46D9-9AA5-92D8E7CF3392}
	EndGlobalSection
EndGlobal
